
Microsoft Visual Studio Solution File, Format Version 12.00
# Visual Studio Version 17
VisualStudioVersion = 17.8.34408.163
MinimumVisualStudioVersion = 10.0.40219.1
Project("{FAE04EC0-301F-11D3-BF4B-00C04F79EFBC}") = "baitapvn", "baitapvn\baitapvn.csproj", "{83694A80-2F8E-4A13-AE80-5C2E6B221ECE}"
EndProject
Global
	GlobalSection(SolutionConfigurationPlatforms) = preSolution
		Debug|Any CPU = Debug|Any CPU
		Release|Any CPU = Release|Any CPU
	EndGlobalSection
	GlobalSection(ProjectConfigurationPlatforms) = postSolution
		{83694A80-2F8E-4A13-AE80-5C2E6B221ECE}.Debug|Any CPU.ActiveCfg = Debug|Any CPU
		{83694A80-2F8E-4A13-AE80-5C2E6B221ECE}.Debug|Any CPU.Build.0 = Debug|Any CPU
		{83694A80-2F8E-4A13-AE80-5C2E6B221ECE}.Release|Any CPU.ActiveCfg = Release|Any CPU
		{83694A80-2F8E-4A13-AE80-5C2E6B221ECE}.Release|Any CPU.Build.0 = Release|Any CPU
	EndGlobalSection
	GlobalSection(SolutionProperties) = preSolution
		HideSolutionNode = FALSE
	EndGlobalSection
	GlobalSection(ExtensibilityGlobals) = postSolution
		SolutionGuid = {7D3B6F07-6238-4069-9A95-4878B6D8F0CA}
	EndGlobalSection
EndGlobal
